
Microsoft Visual Studio Solution File, Format Version 12.00
# Visual Studio Version 16
VisualStudioVersion = 16.0.31005.135
MinimumVisualStudioVersion = 10.0.40219.1
Project("{FAE04EC0-301F-11D3-BF4B-00C04F79EFBC}") = "Interferenzmuster Simulation", "Interferenzmustersimulation\Interferenzmuster Simulation.csproj", "{8E4889B4-A99C-4522-8382-B8CE959C5D0B}"
EndProject
Global
	GlobalSection(SolutionConfigurationPlatforms) = preSolution
		Debug|Any CPU = Debug|Any CPU
		Release|Any CPU = Release|Any CPU
	EndGlobalSection
	GlobalSection(ProjectConfigurationPlatforms) = postSolution
		{8E4889B4-A99C-4522-8382-B8CE959C5D0B}.Debug|Any CPU.ActiveCfg = Debug|Any CPU
		{8E4889B4-A99C-4522-8382-B8CE959C5D0B}.Debug|Any CPU.Build.0 = Debug|Any CPU
		{8E4889B4-A99C-4522-8382-B8CE959C5D0B}.Release|Any CPU.ActiveCfg = Release|Any CPU
		{8E4889B4-A99C-4522-8382-B8CE959C5D0B}.Release|Any CPU.Build.0 = Release|Any CPU
	EndGlobalSection
	GlobalSection(SolutionProperties) = preSolution
		HideSolutionNode = FALSE
	EndGlobalSection
	GlobalSection(ExtensibilityGlobals) = postSolution
		SolutionGuid = {11FE5390-A284-482B-AF3A-4CFE076DC883}
	EndGlobalSection
EndGlobal
